<?xml version="1.0" encoding="utf-8"?>
<Project ToolsVersion="4.0" xmlns="http://schemas.microsoft.com/developer/msbuild/2003">
  <ItemGroup>
    <Filter Include="源文件">
      <UniqueIdentifier>{4FC737F1-C7A5-4376-A066-2A32D752A2FF}</UniqueIdentifier>
      <Extensions>cpp;c;cc;cxx;def;odl;idl;hpj;bat;asm;asmx</Extensions>
    </Filter>
    <Filter Include="头文件">
      <UniqueIdentifier>{93995380-89BD-4b04-88EB-625FBE52EBFB}</UniqueIdentifier>
      <Extensions>h;hpp;hxx;hm;inl;inc;xsd</Extensions>
    </Filter>
    <Filter Include="资源文件">
      <UniqueIdentifier>{67DA6AB6-F800-4c08-8B7A-83BB121AAD01}</UniqueIdentifier>
      <Extensions>rc;ico;cur;bmp;dlg;rc2;rct;bin;rgs;gif;jpg;jpeg;jpe;resx;tiff;tif;png;wav;mfcribbon-ms</Extensions>
    </Filter>
    <Filter Include="Logging">
      <UniqueIdentifier>{abfd2061-bdf1-4fae-8960-03bc5dd2b3bc}</UniqueIdentifier>
    </Filter>
    <Filter Include="logic">
      <UniqueIdentifier>{6bdb7227-90e2-45ed-909d-feb7eb3cf352}</UniqueIdentifier>
    </Filter>
    <Filter Include="Mgr">
      <UniqueIdentifier>{fff954ad-75c0-49d9-ad72-8eb18a670b0e}</UniqueIdentifier>
    </Filter>
    <Filter Include="SQLite">
      <UniqueIdentifier>{6637e69e-c535-4833-8ed5-e2a82c0ae87d}</UniqueIdentifier>
    </Filter>
    <Filter Include="table">
      <UniqueIdentifier>{73092f69-adaa-460b-8828-9f104e52c22e}</UniqueIdentifier>
    </Filter>
    <Filter Include="Algorithm">
      <UniqueIdentifier>{b57a5ca6-28b1-42de-9148-6d4d5f8c4130}</UniqueIdentifier>
    </Filter>
  </ItemGroup>
  <ItemGroup>
    <Text Include="ReadMe.txt" />
  </ItemGroup>
  <ItemGroup>
    <ClInclude Include="stdafx.h">
      <Filter>头文件</Filter>
    </ClInclude>
    <ClInclude Include="targetver.h">
      <Filter>头文件</Filter>
    </ClInclude>
    <ClInclude Include="cmd.h">
      <Filter>头文件</Filter>
    </ClInclude>
    <ClInclude Include="dwrservert.h">
      <Filter>头文件</Filter>
    </ClInclude>
    <ClInclude Include="Resource.h">
      <Filter>头文件</Filter>
    </ClInclude>
    <ClInclude Include="safestring.h">
      <Filter>头文件</Filter>
    </ClInclude>
    <ClInclude Include="SimpleEncryption.h">
      <Filter>Algorithm</Filter>
    </ClInclude>
    <ClInclude Include="YJAlgorithm.h">
      <Filter>Algorithm</Filter>
    </ClInclude>
    <ClInclude Include="GameServerManager.h">
      <Filter>Mgr</Filter>
    </ClInclude>
    <ClInclude Include="FishTable.h">
      <Filter>table</Filter>
    </ClInclude>
    <ClInclude Include="TableFrameSink.h">
      <Filter>table</Filter>
    </ClInclude>
    <ClInclude Include="Logging.h">
      <Filter>Logging</Filter>
    </ClInclude>
    <ClInclude Include="AndroidUserItemSink.h">
      <Filter>logic</Filter>
    </ClInclude>
    <ClInclude Include="GameLogic.h">
      <Filter>logic</Filter>
    </ClInclude>
    <ClInclude Include="ISQliteOperation.h">
      <Filter>SQLite</Filter>
    </ClInclude>
    <ClInclude Include="SQLiteOperate.h">
      <Filter>SQLite</Filter>
    </ClInclude>
    <ClInclude Include="sqlite3.h">
      <Filter>SQLite</Filter>
    </ClInclude>
    <ClInclude Include="..\..\消息定义\CMD_Fish.h">
      <Filter>头文件</Filter>
    </ClInclude>
    <ClInclude Include="resource1.h">
      <Filter>头文件</Filter>
    </ClInclude>
    <ClInclude Include="resource2.h">
      <Filter>头文件</Filter>
    </ClInclude>
  </ItemGroup>
  <ItemGroup>
    <ClCompile Include="stdafx.cpp">
      <Filter>源文件</Filter>
    </ClCompile>
    <ClCompile Include="SimpleEncryption.cpp">
      <Filter>Algorithm</Filter>
    </ClCompile>
    <ClCompile Include="YJAlgorithm.cpp">
      <Filter>Algorithm</Filter>
    </ClCompile>
    <ClCompile Include="GameServerManager.cpp">
      <Filter>Mgr</Filter>
    </ClCompile>
    <ClCompile Include="TableFrameSink.cpp">
      <Filter>table</Filter>
    </ClCompile>
    <ClCompile Include="Logging.cpp">
      <Filter>Logging</Filter>
    </ClCompile>
    <ClCompile Include="GameLogic.cpp">
      <Filter>logic</Filter>
    </ClCompile>
    <ClCompile Include="AndroidUserItemSink.cpp">
      <Filter>logic</Filter>
    </ClCompile>
    <ClCompile Include="SQLiteOperate.cpp">
      <Filter>SQLite</Filter>
    </ClCompile>
    <ClCompile Include="sqlite3.c">
      <Filter>SQLite</Filter>
    </ClCompile>
    <ClCompile Include="GameServer.cpp">
      <Filter>源文件</Filter>
    </ClCompile>
    <ClCompile Include="GameServer.cpp">
      <Filter>源文件</Filter>
    </ClCompile>
    <ClCompile Include="GameServer.cpp">
      <Filter>源文件</Filter>
    </ClCompile>
  </ItemGroup>
  <ItemGroup>
    <ResourceCompile Include="JCBY.rc">
      <Filter>资源文件</Filter>
    </ResourceCompile>
  </ItemGroup>
</Project>